# @generated by Move, please check-in and do not edit manually.

[move]
version = 0
manifest_digest = "638A9BE479CFC3F7A2379F7ED45BC8D9F380ED60CADC93F6D2CB4CEC6FADAE98"
deps_digest = "66D7CCE1713EB2CDF7A5C7D5CD8A01BBAAA514978EEF54BEFBF1EA904DABA781"

dependencies = [
  { name = "Sui" },
]

[[move.package]]
name = "MoveStdlib"
source = { git = "https://github.com/MystenLabs/sui.git", rev = "framework/testnet", subdir = "crates/sui-framework/packages/move-stdlib" }

[[move.package]]
name = "Sui"
source = { git = "https://github.com/MystenLabs/sui.git", rev = "framework/testnet", subdir = "crates/sui-framework/packages/sui-framework" }

dependencies = [
  { name = "MoveStdlib" },
]

[move.toolchain-version]
compiler-version = "1.18.1"
edition = "legacy"
flavor = "sui"
